
Microsoft Visual Studio Solution File, Format Version 12.00
# Visual Studio Version 18
VisualStudioVersion = 18.0.11222.15 d18.0
MinimumVisualStudioVersion = 10.0.40219.1
Project("{FAE04EC0-301F-11D3-BF4B-00C04F79EFBC}") = "AutoSign", "AutoSign\AutoSign.csproj", "{589B0AC9-1BF6-48A7-BEA5-B9205591D4A9}"
EndProject
Project("{FAE04EC0-301F-11D3-BF4B-00C04F79EFBC}") = "AutoSignService", "AutoSignService\AutoSignService.csproj", "{946D8E04-66AF-4861-B9A7-A87530FAF991}"
EndProject
Global
	GlobalSection(SolutionConfigurationPlatforms) = preSolution
		Debug|Any CPU = Debug|Any CPU
		Release|Any CPU = Release|Any CPU
	EndGlobalSection
	GlobalSection(ProjectConfigurationPlatforms) = postSolution
		{589B0AC9-1BF6-48A7-BEA5-B9205591D4A9}.Debug|Any CPU.ActiveCfg = Debug|Any CPU
		{589B0AC9-1BF6-48A7-BEA5-B9205591D4A9}.Debug|Any CPU.Build.0 = Debug|Any CPU
		{589B0AC9-1BF6-48A7-BEA5-B9205591D4A9}.Release|Any CPU.ActiveCfg = Release|Any CPU
		{589B0AC9-1BF6-48A7-BEA5-B9205591D4A9}.Release|Any CPU.Build.0 = Release|Any CPU
		{946D8E04-66AF-4861-B9A7-A87530FAF991}.Debug|Any CPU.ActiveCfg = Debug|Any CPU
		{946D8E04-66AF-4861-B9A7-A87530FAF991}.Debug|Any CPU.Build.0 = Debug|Any CPU
		{946D8E04-66AF-4861-B9A7-A87530FAF991}.Release|Any CPU.ActiveCfg = Release|Any CPU
		{946D8E04-66AF-4861-B9A7-A87530FAF991}.Release|Any CPU.Build.0 = Release|Any CPU
	EndGlobalSection
	GlobalSection(SolutionProperties) = preSolution
		HideSolutionNode = FALSE
	EndGlobalSection
	GlobalSection(ExtensibilityGlobals) = postSolution
		SolutionGuid = {951A8713-1A36-47DA-ACB3-0789AC47F44D}
	EndGlobalSection
EndGlobal
